
Microsoft Visual Studio Solution File, Format Version 12.00
# Visual Studio Version 17
VisualStudioVersion = 17.2.32630.192
MinimumVisualStudioVersion = 10.0.40219.1
Project("{FAE04EC0-301F-11D3-BF4B-00C04F79EFBC}") = "ConsoleDeIntegracao", "ConsoleDeIntegracao\ConsoleDeIntegracao.csproj", "{9BFE3E91-5C6B-4DF9-9D3B-85B65E24B6BD}"
EndProject
Global
	GlobalSection(SolutionConfigurationPlatforms) = preSolution
		Debug|Any CPU = Debug|Any CPU
		Release|Any CPU = Release|Any CPU
	EndGlobalSection
	GlobalSection(ProjectConfigurationPlatforms) = postSolution
		{9BFE3E91-5C6B-4DF9-9D3B-85B65E24B6BD}.Debug|Any CPU.ActiveCfg = Debug|Any CPU
		{9BFE3E91-5C6B-4DF9-9D3B-85B65E24B6BD}.Debug|Any CPU.Build.0 = Debug|Any CPU
		{9BFE3E91-5C6B-4DF9-9D3B-85B65E24B6BD}.Release|Any CPU.ActiveCfg = Release|Any CPU
		{9BFE3E91-5C6B-4DF9-9D3B-85B65E24B6BD}.Release|Any CPU.Build.0 = Release|Any CPU
	EndGlobalSection
	GlobalSection(SolutionProperties) = preSolution
		HideSolutionNode = FALSE
	EndGlobalSection
	GlobalSection(ExtensibilityGlobals) = postSolution
		SolutionGuid = {F8B21B44-13AC-47E4-AA54-08AC97B34D4A}
	EndGlobalSection
EndGlobal
